
Microsoft Visual Studio Solution File, Format Version 12.00
# Visual Studio Version 17
VisualStudioVersion = 17.13.35913.81 d17.13
MinimumVisualStudioVersion = 10.0.40219.1
Project("{FAE04EC0-301F-11D3-BF4B-00C04F79EFBC}") = "NameSorter", "NameSorter\NameSorter.csproj", "{B66F1377-CAC7-44F9-831E-F77EDB5B53A0}"
EndProject
Project("{FAE04EC0-301F-11D3-BF4B-00C04F79EFBC}") = "Test", "Test\Test.csproj", "{C5F431B8-4EFF-45D3-B957-59539E0D6372}"
EndProject
Global
	GlobalSection(SolutionConfigurationPlatforms) = preSolution
		Debug|Any CPU = Debug|Any CPU
		Release|Any CPU = Release|Any CPU
	EndGlobalSection
	GlobalSection(ProjectConfigurationPlatforms) = postSolution
		{B66F1377-CAC7-44F9-831E-F77EDB5B53A0}.Debug|Any CPU.ActiveCfg = Debug|Any CPU
		{B66F1377-CAC7-44F9-831E-F77EDB5B53A0}.Debug|Any CPU.Build.0 = Debug|Any CPU
		{B66F1377-CAC7-44F9-831E-F77EDB5B53A0}.Release|Any CPU.ActiveCfg = Release|Any CPU
		{B66F1377-CAC7-44F9-831E-F77EDB5B53A0}.Release|Any CPU.Build.0 = Release|Any CPU
		{C5F431B8-4EFF-45D3-B957-59539E0D6372}.Debug|Any CPU.ActiveCfg = Debug|Any CPU
		{C5F431B8-4EFF-45D3-B957-59539E0D6372}.Debug|Any CPU.Build.0 = Debug|Any CPU
		{C5F431B8-4EFF-45D3-B957-59539E0D6372}.Release|Any CPU.ActiveCfg = Release|Any CPU
		{C5F431B8-4EFF-45D3-B957-59539E0D6372}.Release|Any CPU.Build.0 = Release|Any CPU
	EndGlobalSection
	GlobalSection(SolutionProperties) = preSolution
		HideSolutionNode = FALSE
	EndGlobalSection
	GlobalSection(ExtensibilityGlobals) = postSolution
		SolutionGuid = {1C8D02FE-14FF-4931-AAE4-CA7C03DDFDD8}
	EndGlobalSection
EndGlobal
